
Microsoft Visual Studio Solution File, Format Version 12.00
# Visual Studio Version 16
VisualStudioVersion = 16.0.29728.190
MinimumVisualStudioVersion = 10.0.40219.1
Project("{FAE04EC0-301F-11D3-BF4B-00C04F79EFBC}") = "Proxy", "Proxy\Proxy.csproj", "{2533A623-F9E7-4455-9308-144E308C62CE}"
EndProject
Global
	GlobalSection(SolutionConfigurationPlatforms) = preSolution
		Debug|Any CPU = Debug|Any CPU
		Release|Any CPU = Release|Any CPU
	EndGlobalSection
	GlobalSection(ProjectConfigurationPlatforms) = postSolution
		{2533A623-F9E7-4455-9308-144E308C62CE}.Debug|Any CPU.ActiveCfg = Debug|Any CPU
		{2533A623-F9E7-4455-9308-144E308C62CE}.Debug|Any CPU.Build.0 = Debug|Any CPU
		{2533A623-F9E7-4455-9308-144E308C62CE}.Release|Any CPU.ActiveCfg = Release|Any CPU
		{2533A623-F9E7-4455-9308-144E308C62CE}.Release|Any CPU.Build.0 = Release|Any CPU
	EndGlobalSection
	GlobalSection(SolutionProperties) = preSolution
		HideSolutionNode = FALSE
	EndGlobalSection
	GlobalSection(ExtensibilityGlobals) = postSolution
		SolutionGuid = {1B0E3594-AB1A-422E-9139-7AEEC80A2283}
	EndGlobalSection
EndGlobal
